
Microsoft Visual Studio Solution File, Format Version 12.00
# Visual Studio Version 17
VisualStudioVersion = 17.5.33414.496
MinimumVisualStudioVersion = 10.0.40219.1
Project("{FAE04EC0-301F-11D3-BF4B-00C04F79EFBC}") = "ejercicio 1 guia 5", "ejercicio 1 guia 5\ejercicio 1 guia 5.csproj", "{629D8C7B-306A-4CAE-BF53-91A6A14D4D5A}"
EndProject
Global
	GlobalSection(SolutionConfigurationPlatforms) = preSolution
		Debug|Any CPU = Debug|Any CPU
		Release|Any CPU = Release|Any CPU
	EndGlobalSection
	GlobalSection(ProjectConfigurationPlatforms) = postSolution
		{629D8C7B-306A-4CAE-BF53-91A6A14D4D5A}.Debug|Any CPU.ActiveCfg = Debug|Any CPU
		{629D8C7B-306A-4CAE-BF53-91A6A14D4D5A}.Debug|Any CPU.Build.0 = Debug|Any CPU
		{629D8C7B-306A-4CAE-BF53-91A6A14D4D5A}.Release|Any CPU.ActiveCfg = Release|Any CPU
		{629D8C7B-306A-4CAE-BF53-91A6A14D4D5A}.Release|Any CPU.Build.0 = Release|Any CPU
	EndGlobalSection
	GlobalSection(SolutionProperties) = preSolution
		HideSolutionNode = FALSE
	EndGlobalSection
	GlobalSection(ExtensibilityGlobals) = postSolution
		SolutionGuid = {529C58DD-F9F9-4BB4-9233-CC34EB3A16FF}
	EndGlobalSection
EndGlobal
